
Microsoft Visual Studio Solution File, Format Version 11.00
# Visual Studio 2010
Project("{FAE04EC0-301F-11D3-BF4B-00C04F79EFBC}") = "UnityEngine.UI", "UnityEngine.UI.csproj", "{31ba5873-c069-ddc9-396f-2441e7a0d3d6}"
EndProject
Project("{FAE04EC0-301F-11D3-BF4B-00C04F79EFBC}") = "UnityEditor.UI", "UnityEditor.UI.csproj", "{3b95ef9f-1d99-4cac-f5ad-c6de8776e0c7}"
EndProject
Global
	GlobalSection(SolutionConfigurationPlatforms) = preSolution
		Debug|Any CPU = Debug|Any CPU
	EndGlobalSection
	GlobalSection(ProjectConfigurationPlatforms) = postSolution
		{31ba5873-c069-ddc9-396f-2441e7a0d3d6}.Debug|Any CPU.ActiveCfg = Debug|Any CPU
		{31ba5873-c069-ddc9-396f-2441e7a0d3d6}.Debug|Any CPU.Build.0 = Debug|Any CPU
		{3b95ef9f-1d99-4cac-f5ad-c6de8776e0c7}.Debug|Any CPU.ActiveCfg = Debug|Any CPU
		{3b95ef9f-1d99-4cac-f5ad-c6de8776e0c7}.Debug|Any CPU.Build.0 = Debug|Any CPU
	EndGlobalSection
	GlobalSection(SolutionProperties) = preSolution
		HideSolutionNode = FALSE
	EndGlobalSection
EndGlobal
